
Microsoft Visual Studio Solution File, Format Version 12.00
# Visual Studio 15
VisualStudioVersion = 15.0.27428.2027
MinimumVisualStudioVersion = 10.0.40219.1
Project("{8BC9CEB8-8B4A-11D0-8D11-00A0C91BC942}") = "GIT VS", "GIT VS.vcxproj", "{BCB5898A-B41A-4CE4-BB0D-83811DC734AD}"
EndProject
Global
	GlobalSection(SolutionConfigurationPlatforms) = preSolution
		Debug|x64 = Debug|x64
		Debug|x86 = Debug|x86
		Release|x64 = Release|x64
		Release|x86 = Release|x86
	EndGlobalSection
	GlobalSection(ProjectConfigurationPlatforms) = postSolution
		{BCB5898A-B41A-4CE4-BB0D-83811DC734AD}.Debug|x64.ActiveCfg = Debug|x64
		{BCB5898A-B41A-4CE4-BB0D-83811DC734AD}.Debug|x64.Build.0 = Debug|x64
		{BCB5898A-B41A-4CE4-BB0D-83811DC734AD}.Debug|x86.ActiveCfg = Debug|Win32
		{BCB5898A-B41A-4CE4-BB0D-83811DC734AD}.Debug|x86.Build.0 = Debug|Win32
		{BCB5898A-B41A-4CE4-BB0D-83811DC734AD}.Release|x64.ActiveCfg = Release|x64
		{BCB5898A-B41A-4CE4-BB0D-83811DC734AD}.Release|x64.Build.0 = Release|x64
		{BCB5898A-B41A-4CE4-BB0D-83811DC734AD}.Release|x86.ActiveCfg = Release|Win32
		{BCB5898A-B41A-4CE4-BB0D-83811DC734AD}.Release|x86.Build.0 = Release|Win32
	EndGlobalSection
	GlobalSection(SolutionProperties) = preSolution
		HideSolutionNode = FALSE
	EndGlobalSection
	GlobalSection(ExtensibilityGlobals) = postSolution
		SolutionGuid = {562EC9E9-6A1F-4517-9E65-ED6EF6B1C1FB}
	EndGlobalSection
EndGlobal
